
Microsoft Visual Studio Solution File, Format Version 12.00
# Visual Studio Version 17
VisualStudioVersion = 17.7.34024.191
MinimumVisualStudioVersion = 10.0.40219.1
Project("{9A19103F-16F7-4668-BE54-9A1E7A4F7556}") = "Logic", "Logic.csproj", "{B5A4B27E-BAA9-499B-87DF-5B6AED3A1ECD}"
EndProject
Project("{9A19103F-16F7-4668-BE54-9A1E7A4F7556}") = "Database", "..\Database\Database.csproj", "{0F546A4A-3188-4285-BC06-0A9210601AAB}"
EndProject
Project("{9A19103F-16F7-4668-BE54-9A1E7A4F7556}") = "Logic.UnitTest", "..\Logic.UnitTest\Logic.UnitTest.csproj", "{61B0EC56-84BC-4D81-A054-9E0B2C241C44}"
EndProject
Project("{9A19103F-16F7-4668-BE54-9A1E7A4F7556}") = "Database.UnitTest", "..\Database.UnitTest\Database.UnitTest.csproj", "{97360FD3-5111-4FF8-8E0E-A8755A75E1D2}"
EndProject
Project("{9A19103F-16F7-4668-BE54-9A1E7A4F7556}") = "Logic.IntegrationTest", "..\Logic.IntegrationTest\Logic.IntegrationTest.csproj", "{F15E5E2C-031D-477A-A014-F82F2B7E8EE7}"
EndProject
Global
	GlobalSection(SolutionConfigurationPlatforms) = preSolution
		Debug|Any CPU = Debug|Any CPU
		Release|Any CPU = Release|Any CPU
	EndGlobalSection
	GlobalSection(ProjectConfigurationPlatforms) = postSolution
		{B5A4B27E-BAA9-499B-87DF-5B6AED3A1ECD}.Debug|Any CPU.ActiveCfg = Debug|Any CPU
		{B5A4B27E-BAA9-499B-87DF-5B6AED3A1ECD}.Debug|Any CPU.Build.0 = Debug|Any CPU
		{B5A4B27E-BAA9-499B-87DF-5B6AED3A1ECD}.Release|Any CPU.ActiveCfg = Release|Any CPU
		{B5A4B27E-BAA9-499B-87DF-5B6AED3A1ECD}.Release|Any CPU.Build.0 = Release|Any CPU
		{0F546A4A-3188-4285-BC06-0A9210601AAB}.Debug|Any CPU.ActiveCfg = Debug|Any CPU
		{0F546A4A-3188-4285-BC06-0A9210601AAB}.Debug|Any CPU.Build.0 = Debug|Any CPU
		{0F546A4A-3188-4285-BC06-0A9210601AAB}.Release|Any CPU.ActiveCfg = Release|Any CPU
		{0F546A4A-3188-4285-BC06-0A9210601AAB}.Release|Any CPU.Build.0 = Release|Any CPU
		{61B0EC56-84BC-4D81-A054-9E0B2C241C44}.Debug|Any CPU.ActiveCfg = Debug|Any CPU
		{61B0EC56-84BC-4D81-A054-9E0B2C241C44}.Debug|Any CPU.Build.0 = Debug|Any CPU
		{61B0EC56-84BC-4D81-A054-9E0B2C241C44}.Release|Any CPU.ActiveCfg = Release|Any CPU
		{61B0EC56-84BC-4D81-A054-9E0B2C241C44}.Release|Any CPU.Build.0 = Release|Any CPU
		{97360FD3-5111-4FF8-8E0E-A8755A75E1D2}.Debug|Any CPU.ActiveCfg = Debug|Any CPU
		{97360FD3-5111-4FF8-8E0E-A8755A75E1D2}.Debug|Any CPU.Build.0 = Debug|Any CPU
		{97360FD3-5111-4FF8-8E0E-A8755A75E1D2}.Release|Any CPU.ActiveCfg = Release|Any CPU
		{97360FD3-5111-4FF8-8E0E-A8755A75E1D2}.Release|Any CPU.Build.0 = Release|Any CPU
		{F15E5E2C-031D-477A-A014-F82F2B7E8EE7}.Debug|Any CPU.ActiveCfg = Debug|Any CPU
		{F15E5E2C-031D-477A-A014-F82F2B7E8EE7}.Debug|Any CPU.Build.0 = Debug|Any CPU
		{F15E5E2C-031D-477A-A014-F82F2B7E8EE7}.Release|Any CPU.ActiveCfg = Release|Any CPU
		{F15E5E2C-031D-477A-A014-F82F2B7E8EE7}.Release|Any CPU.Build.0 = Release|Any CPU
	EndGlobalSection
	GlobalSection(SolutionProperties) = preSolution
		HideSolutionNode = FALSE
	EndGlobalSection
	GlobalSection(ExtensibilityGlobals) = postSolution
		SolutionGuid = {D8286D07-1011-4ABD-8E1B-AF7019789584}
	EndGlobalSection
EndGlobal
